
Microsoft Visual Studio Solution File, Format Version 12.00
# Visual Studio Version 16
VisualStudioVersion = 16.0.31829.152
MinimumVisualStudioVersion = 10.0.40219.1
Project("{9A19103F-16F7-4668-BE54-9A1E7A4F7556}") = "CarRentalManagement.Server", "CarRentalManagement\Server\CarRentalManagement.Server.csproj", "{DDCFB7BF-9C84-4C87-85C9-FB2712946DD9}"
EndProject
Project("{9A19103F-16F7-4668-BE54-9A1E7A4F7556}") = "CarRentalManagement.Client", "CarRentalManagement\Client\CarRentalManagement.Client.csproj", "{C21277BE-029A-40AE-B7AC-10B65D482B58}"
EndProject
Project("{9A19103F-16F7-4668-BE54-9A1E7A4F7556}") = "CarRentalManagement.Shared", "CarRentalManagement\Shared\CarRentalManagement.Shared.csproj", "{FF3C0DEE-798E-42DC-BADD-78573172014A}"
EndProject
Global
	GlobalSection(SolutionConfigurationPlatforms) = preSolution
		Debug|Any CPU = Debug|Any CPU
		Release|Any CPU = Release|Any CPU
	EndGlobalSection
	GlobalSection(ProjectConfigurationPlatforms) = postSolution
		{DDCFB7BF-9C84-4C87-85C9-FB2712946DD9}.Debug|Any CPU.ActiveCfg = Debug|Any CPU
		{DDCFB7BF-9C84-4C87-85C9-FB2712946DD9}.Debug|Any CPU.Build.0 = Debug|Any CPU
		{DDCFB7BF-9C84-4C87-85C9-FB2712946DD9}.Release|Any CPU.ActiveCfg = Release|Any CPU
		{DDCFB7BF-9C84-4C87-85C9-FB2712946DD9}.Release|Any CPU.Build.0 = Release|Any CPU
		{C21277BE-029A-40AE-B7AC-10B65D482B58}.Debug|Any CPU.ActiveCfg = Debug|Any CPU
		{C21277BE-029A-40AE-B7AC-10B65D482B58}.Debug|Any CPU.Build.0 = Debug|Any CPU
		{C21277BE-029A-40AE-B7AC-10B65D482B58}.Release|Any CPU.ActiveCfg = Release|Any CPU
		{C21277BE-029A-40AE-B7AC-10B65D482B58}.Release|Any CPU.Build.0 = Release|Any CPU
		{FF3C0DEE-798E-42DC-BADD-78573172014A}.Debug|Any CPU.ActiveCfg = Debug|Any CPU
		{FF3C0DEE-798E-42DC-BADD-78573172014A}.Debug|Any CPU.Build.0 = Debug|Any CPU
		{FF3C0DEE-798E-42DC-BADD-78573172014A}.Release|Any CPU.ActiveCfg = Release|Any CPU
		{FF3C0DEE-798E-42DC-BADD-78573172014A}.Release|Any CPU.Build.0 = Release|Any CPU
	EndGlobalSection
	GlobalSection(SolutionProperties) = preSolution
		HideSolutionNode = FALSE
	EndGlobalSection
	GlobalSection(ExtensibilityGlobals) = postSolution
		SolutionGuid = {1F451E18-C142-4644-8C90-E9FD739DC916}
	EndGlobalSection
EndGlobal
